{
  "version": 1,
  "dependencies": {
    "net10.0": {
      "Google.Protobuf": {
        "type": "Direct",
        "requested": "[3.33.5, )",
        "resolved": "3.33.5",
        "contentHash": "XEzLpCTosZb5I6eGSPn7rAES0VfkJkn3Cqydh0W39POdZwkdhPhOmAROTFJF9g0ardst4ulNXRm/q/iXwNu+Qw=="
      },
      "Grpc.Tools": {
        "type": "Direct",
        "requested": "[2.76.0, )",
        "resolved": "2.76.0",
        "contentHash": "goRzYZVMgQtyLvkWdgTnPycg49hlNxnMkqGGgR3l7nCOm0bUh0YeAneiJ9JFk3XLgF4suQUdETYkl2Mg/TBr0w=="
      },
      "OpenTelemetry": {
        "type": "Direct",
        "requested": "[1.19.0, )",
        "resolved": "1.19.0",
        "contentHash": "tH3Y3ABOCcUXbnz/jntnfEXcSxEy+GzS2niNqwJPIcNdAYUpP09QHLaAwcJExeS+ibfmlcSkmIfWlKhe7yVjIA==",
        "dependencies": {
          "OpenTelemetry.Api.ProviderBuilderExtensions": "1.19.0"
        }
      },
      "OpenTelemetry.Instrumentation.Http": {
        "type": "Direct",
        "requested": "[1.19.0, )",
        "resolved": "1.19.0",
        "contentHash": "+egJpWBRfYP3ldfexV2bmJyzOWkkOPVYikw/vUEtbUvf2exJfY3RGInXrYlubhBIH6rmNEn6sI/FmqenZJwkjw==",
        "dependencies": {
          "OpenTelemetry.Api.ProviderBuilderExtensions": "[1.19.0, 2.0.0)"
        }
      },
      "OpenTelemetry.Api": {
        "type": "Transitive",
        "resolved": "1.19.0",
        "contentHash": "ZupI0cvo9Jyk2IwLLMrXQm3PvX67tCBIiFws5fslm2Xw7gYctq5wZiGPS+mKmMususAAE9+jyv5Jp7ADxdZDJw=="
      },
      "OpenTelemetry.Api.ProviderBuilderExtensions": {
        "type": "Transitive",
        "resolved": "1.19.0",
        "contentHash": "V+nYo7IIqH7cXagkERfGZUNstdoZQkplpn+hZMkLBlJ0ZJNQBvTMv2Cvjq8eqqxkB9lmBw+CUH78hWxJB1Vdcg==",
        "dependencies": {
          "OpenTelemetry.Api": "1.19.0"
        }
      }
    },
    "net8.0": {
      "Google.Protobuf": {
        "type": "Direct",
        "requested": "[3.33.5, )",
        "resolved": "3.33.5",
        "contentHash": "XEzLpCTosZb5I6eGSPn7rAES0VfkJkn3Cqydh0W39POdZwkdhPhOmAROTFJF9g0ardst4ulNXRm/q/iXwNu+Qw=="
      },
      "Grpc.Tools": {
        "type": "Direct",
        "requested": "[2.76.0, )",
        "resolved": "2.76.0",
        "contentHash": "goRzYZVMgQtyLvkWdgTnPycg49hlNxnMkqGGgR3l7nCOm0bUh0YeAneiJ9JFk3XLgF4suQUdETYkl2Mg/TBr0w=="
      },
      "OpenTelemetry": {
        "type": "Direct",
        "requested": "[1.19.0, )",
        "resolved": "1.19.0",
        "contentHash": "tH3Y3ABOCcUXbnz/jntnfEXcSxEy+GzS2niNqwJPIcNdAYUpP09QHLaAwcJExeS+ibfmlcSkmIfWlKhe7yVjIA==",
        "dependencies": {
          "OpenTelemetry.Api.ProviderBuilderExtensions": "1.19.0"
        }
      },
      "OpenTelemetry.Instrumentation.Http": {
        "type": "Direct",
        "requested": "[1.19.0, )",
        "resolved": "1.19.0",
        "contentHash": "+egJpWBRfYP3ldfexV2bmJyzOWkkOPVYikw/vUEtbUvf2exJfY3RGInXrYlubhBIH6rmNEn6sI/FmqenZJwkjw==",
        "dependencies": {
          "OpenTelemetry.Api.ProviderBuilderExtensions": "[1.19.0, 2.0.0)"
        }
      },
      "OpenTelemetry.Api": {
        "type": "Transitive",
        "resolved": "1.19.0",
        "contentHash": "ZupI0cvo9Jyk2IwLLMrXQm3PvX67tCBIiFws5fslm2Xw7gYctq5wZiGPS+mKmMususAAE9+jyv5Jp7ADxdZDJw==",
        "dependencies": {
          "System.Diagnostics.DiagnosticSource": "10.0.0"
        }
      },
      "OpenTelemetry.Api.ProviderBuilderExtensions": {
        "type": "Transitive",
        "resolved": "1.19.0",
        "contentHash": "V+nYo7IIqH7cXagkERfGZUNstdoZQkplpn+hZMkLBlJ0ZJNQBvTMv2Cvjq8eqqxkB9lmBw+CUH78hWxJB1Vdcg==",
        "dependencies": {
          "OpenTelemetry.Api": "1.19.0"
        }
      },
      "System.Diagnostics.DiagnosticSource": {
        "type": "Transitive",
        "resolved": "10.0.0",
        "contentHash": "0KdBK+h7G13PuOSC2R/DalAoFMvdYMznvGRuICtkdcUMXgl/gYXsG6z4yUvTxHSMACorWgHCU1Faq0KUHU6yAQ=="
      }
    },
    "net9.0": {
      "Google.Protobuf": {
        "type": "Direct",
        "requested": "[3.33.5, )",
        "resolved": "3.33.5",
        "contentHash": "XEzLpCTosZb5I6eGSPn7rAES0VfkJkn3Cqydh0W39POdZwkdhPhOmAROTFJF9g0ardst4ulNXRm/q/iXwNu+Qw=="
      },
      "Grpc.Tools": {
        "type": "Direct",
        "requested": "[2.76.0, )",
        "resolved": "2.76.0",
        "contentHash": "goRzYZVMgQtyLvkWdgTnPycg49hlNxnMkqGGgR3l7nCOm0bUh0YeAneiJ9JFk3XLgF4suQUdETYkl2Mg/TBr0w=="
      },
      "OpenTelemetry": {
        "type": "Direct",
        "requested": "[1.19.0, )",
        "resolved": "1.19.0",
        "contentHash": "tH3Y3ABOCcUXbnz/jntnfEXcSxEy+GzS2niNqwJPIcNdAYUpP09QHLaAwcJExeS+ibfmlcSkmIfWlKhe7yVjIA==",
        "dependencies": {
          "OpenTelemetry.Api.ProviderBuilderExtensions": "1.19.0"
        }
      },
      "OpenTelemetry.Instrumentation.Http": {
        "type": "Direct",
        "requested": "[1.19.0, )",
        "resolved": "1.19.0",
        "contentHash": "+egJpWBRfYP3ldfexV2bmJyzOWkkOPVYikw/vUEtbUvf2exJfY3RGInXrYlubhBIH6rmNEn6sI/FmqenZJwkjw==",
        "dependencies": {
          "OpenTelemetry.Api.ProviderBuilderExtensions": "[1.19.0, 2.0.0)"
        }
      },
      "OpenTelemetry.Api": {
        "type": "Transitive",
        "resolved": "1.19.0",
        "contentHash": "ZupI0cvo9Jyk2IwLLMrXQm3PvX67tCBIiFws5fslm2Xw7gYctq5wZiGPS+mKmMususAAE9+jyv5Jp7ADxdZDJw==",
        "dependencies": {
          "System.Diagnostics.DiagnosticSource": "10.0.0"
        }
      },
      "OpenTelemetry.Api.ProviderBuilderExtensions": {
        "type": "Transitive",
        "resolved": "1.19.0",
        "contentHash": "V+nYo7IIqH7cXagkERfGZUNstdoZQkplpn+hZMkLBlJ0ZJNQBvTMv2Cvjq8eqqxkB9lmBw+CUH78hWxJB1Vdcg==",
        "dependencies": {
          "OpenTelemetry.Api": "1.19.0"
        }
      },
      "System.Diagnostics.DiagnosticSource": {
        "type": "Transitive",
        "resolved": "10.0.0",
        "contentHash": "0KdBK+h7G13PuOSC2R/DalAoFMvdYMznvGRuICtkdcUMXgl/gYXsG6z4yUvTxHSMACorWgHCU1Faq0KUHU6yAQ=="
      }
    }
  }
}