{
  "version": 1,
  "dependencies": {
    "net10.0": {
      "Sentry.AspNetCore": {
        "type": "Direct",
        "requested": "[6.11.1, )",
        "resolved": "6.11.1",
        "contentHash": "vPhlHXXs0lU4mmH52wSXBEaJqF8ptLck0spkb4Ni4Xcv7piy/wlP6Qx9+PAqbmx5VRTxGgxLevQl1b8is0femA==",
        "dependencies": {
          "Sentry.Extensions.Logging": "6.11.1"
        }
      },
      "Sentry": {
        "type": "Transitive",
        "resolved": "6.11.1",
        "contentHash": "wBC0H/5xpGo+RFK3k4j5Xa1IhVMgQr1qhoAMMkZGpI1SkyG9UhRv97rU/+O29+SJVzwU2CimBKo48/qZKyKy5w=="
      },
      "Sentry.Extensions.Logging": {
        "type": "Transitive",
        "resolved": "6.11.1",
        "contentHash": "9EvUjyjrInho0uZx051dUKb7Uy42aj79+dRFYuiMf5FGq25+A6jewOV4Y92dcgkM0mZ+AVXMBON0ae/mn6+gdw==",
        "dependencies": {
          "Sentry": "6.11.1"
        }
      }
    },
    "net8.0": {
      "Sentry.AspNetCore": {
        "type": "Direct",
        "requested": "[6.11.1, )",
        "resolved": "6.11.1",
        "contentHash": "vPhlHXXs0lU4mmH52wSXBEaJqF8ptLck0spkb4Ni4Xcv7piy/wlP6Qx9+PAqbmx5VRTxGgxLevQl1b8is0femA==",
        "dependencies": {
          "Sentry.Extensions.Logging": "6.11.1"
        }
      },
      "Sentry": {
        "type": "Transitive",
        "resolved": "6.11.1",
        "contentHash": "wBC0H/5xpGo+RFK3k4j5Xa1IhVMgQr1qhoAMMkZGpI1SkyG9UhRv97rU/+O29+SJVzwU2CimBKo48/qZKyKy5w=="
      },
      "Sentry.Extensions.Logging": {
        "type": "Transitive",
        "resolved": "6.11.1",
        "contentHash": "9EvUjyjrInho0uZx051dUKb7Uy42aj79+dRFYuiMf5FGq25+A6jewOV4Y92dcgkM0mZ+AVXMBON0ae/mn6+gdw==",
        "dependencies": {
          "Sentry": "6.11.1"
        }
      }
    },
    "net9.0": {
      "Sentry.AspNetCore": {
        "type": "Direct",
        "requested": "[6.11.1, )",
        "resolved": "6.11.1",
        "contentHash": "vPhlHXXs0lU4mmH52wSXBEaJqF8ptLck0spkb4Ni4Xcv7piy/wlP6Qx9+PAqbmx5VRTxGgxLevQl1b8is0femA==",
        "dependencies": {
          "Sentry.Extensions.Logging": "6.11.1"
        }
      },
      "Sentry": {
        "type": "Transitive",
        "resolved": "6.11.1",
        "contentHash": "wBC0H/5xpGo+RFK3k4j5Xa1IhVMgQr1qhoAMMkZGpI1SkyG9UhRv97rU/+O29+SJVzwU2CimBKo48/qZKyKy5w=="
      },
      "Sentry.Extensions.Logging": {
        "type": "Transitive",
        "resolved": "6.11.1",
        "contentHash": "9EvUjyjrInho0uZx051dUKb7Uy42aj79+dRFYuiMf5FGq25+A6jewOV4Y92dcgkM0mZ+AVXMBON0ae/mn6+gdw==",
        "dependencies": {
          "Sentry": "6.11.1"
        }
      }
    }
  }
}