{
  "version": 1,
  "dependencies": {
    "net10.0": {
      "Microsoft.Extensions.Validation": {
        "type": "Direct",
        "requested": "[10.0.9, )",
        "resolved": "10.0.9",
        "contentHash": "giBKFvyG4190zO/dJ9mJEOYSTwyOdB6FTm4RxO2FLhUebe9Dfgb5XnysN5QOE2EaHDZKF0v9BfU+4ALHW4lmrA=="
      }
    },
    "net8.0": {},
    "net9.0": {}
  }
}